
Microsoft Visual Studio Solution File, Format Version 12.00
# Visual Studio Version 17
VisualStudioVersion = 17.5.002.0
MinimumVisualStudioVersion = 10.0.40219.1
Project("{9A19103F-16F7-4668-BE54-9A1E7A4F7556}") = "AonVscode", "AonVscode.csproj", "{0E0516E9-9CEB-43A2-9416-FA6D3A98FC87}"
EndProject
Global
	GlobalSection(SolutionConfigurationPlatforms) = preSolution
		Debug|Any CPU = Debug|Any CPU
		Release|Any CPU = Release|Any CPU
	EndGlobalSection
	GlobalSection(ProjectConfigurationPlatforms) = postSolution
		{0E0516E9-9CEB-43A2-9416-FA6D3A98FC87}.Debug|Any CPU.ActiveCfg = Debug|Any CPU
		{0E0516E9-9CEB-43A2-9416-FA6D3A98FC87}.Debug|Any CPU.Build.0 = Debug|Any CPU
		{0E0516E9-9CEB-43A2-9416-FA6D3A98FC87}.Release|Any CPU.ActiveCfg = Release|Any CPU
		{0E0516E9-9CEB-43A2-9416-FA6D3A98FC87}.Release|Any CPU.Build.0 = Release|Any CPU
	EndGlobalSection
	GlobalSection(SolutionProperties) = preSolution
		HideSolutionNode = FALSE
	EndGlobalSection
	GlobalSection(ExtensibilityGlobals) = postSolution
		SolutionGuid = {F729D188-751F-47BE-96E9-495879225778}
	EndGlobalSection
EndGlobal
